// !$*UTF8*$!
{
	archiveVersion = 1;
	classes = {
	};
	objectVersion = 56;
	objects = {

/* Begin PBXBuildFile section */
		157643EA297EF478006C5268 /* AppDelegate.swift in Sources */ = {isa = PBXBuildFile; fileRef = 157643E9297EF478006C5268 /* AppDelegate.swift */; };
		157643EC297EF478006C5268 /* SceneDelegate.swift in Sources */ = {isa = PBXBuildFile; fileRef = 157643EB297EF478006C5268 /* SceneDelegate.swift */; };
		157643EE297EF478006C5268 /* ViewController.swift in Sources */ = {isa = PBXBuildFile; fileRef = 157643ED297EF478006C5268 /* ViewController.swift */; };
		157643F1297EF478006C5268 /* Main.storyboard in Resources */ = {isa = PBXBuildFile; fileRef = 157643EF297EF478006C5268 /* Main.storyboard */; };
		157643F4297EF478006C5268 /* ContactListAppiOS.xcdatamodeld in Sources */ = {isa = PBXBuildFile; fileRef = 157643F2297EF478006C5268 /* ContactListAppiOS.xcdatamodeld */; };
		157643F6297EF479006C5268 /* Assets.xcassets in Resources */ = {isa = PBXBuildFile; fileRef = 157643F5297EF479006C5268 /* Assets.xcassets */; };
		157643F9297EF479006C5268 /* LaunchScreen.storyboard in Resources */ = {isa = PBXBuildFile; fileRef = 157643F7297EF479006C5268 /* LaunchScreen.storyboard */; };
		181744D22D6DE022038CB396 /* Pods_ContactListAppiOS.framework in Frameworks */ = {isa = PBXBuildFile; fileRef = 28ABB864DC0084A5B886D316 /* Pods_ContactListAppiOS.framework */; };
/* End PBXBuildFile section */

/* Begin PBXFileReference section */
		157643E6297EF478006C5268 /* ContactListAppiOS.app */ = {isa = PBXFileReference; explicitFileType = wrapper.application; includeInIndex = 0; path = ContactListAppiOS.app; sourceTree = BUILT_PRODUCTS_DIR; };
		157643E9297EF478006C5268 /* AppDelegate.swift */ = {isa = PBXFileReference; lastKnownFileType = sourcecode.swift; path = AppDelegate.swift; sourceTree = "<group>"; };
		157643EB297EF478006C5268 /* SceneDelegate.swift */ = {isa = PBXFileReference; lastKnownFileType = sourcecode.swift; path = SceneDelegate.swift; sourceTree = "<group>"; };
		157643ED297EF478006C5268 /* ViewController.swift */ = {isa = PBXFileReference; lastKnownFileType = sourcecode.swift; path = ViewController.swift; sourceTree = "<group>"; };
		157643F0297EF478006C5268 /* Base */ = {isa = PBXFileReference; lastKnownFileType = file.storyboard; name = Base; path = Base.lproj/Main.storyboard; sourceTree = "<group>"; };
		157643F3297EF478006C5268 /* ContactListAppiOS.xcdatamodel */ = {isa = PBXFileReference; lastKnownFileType = wrapper.xcdatamodel; path = ContactListAppiOS.xcdatamodel; sourceTree = "<group>"; };
		157643F5297EF479006C5268 /* Assets.xcassets */ = {isa = PBXFileReference; lastKnownFileType = folder.assetcatalog; path = Assets.xcassets; sourceTree = "<group>"; };
		157643F8297EF479006C5268 /* Base */ = {isa = PBXFileReference; lastKnownFileType = file.storyboard; name = Base; path = Base.lproj/LaunchScreen.storyboard; sourceTree = "<group>"; };
		157643FA297EF479006C5268 /* Info.plist */ = {isa = PBXFileReference; lastKnownFileType = text.plist.xml; path = Info.plist; sourceTree = "<group>"; };
		28ABB864DC0084A5B886D316 /* Pods_ContactListAppiOS.framework */ = {isa = PBXFileReference; explicitFileType = wrapper.framework; includeInIndex = 0; path = Pods_ContactListAppiOS.framework; sourceTree = BUILT_PRODUCTS_DIR; };
		8DB6A101776DEA5882A525C1 /* Pods-ContactListAppiOS.debug.xcconfig */ = {isa = PBXFileReference; includeInIndex = 1; lastKnownFileType = text.xcconfig; name = "Pods-ContactListAppiOS.debug.xcconfig"; path = "Target Support Files/Pods-ContactListAppiOS/Pods-ContactListAppiOS.debug.xcconfig"; sourceTree = "<group>"; };
		AE6F7328E4176051D61AC4A0 /* Pods-ContactListAppiOS.release.xcconfig */ = {isa = PBXFileReference; includeInIndex = 1; lastKnownFileType = text.xcconfig; name = "Pods-ContactListAppiOS.release.xcconfig"; path = "Target Support Files/Pods-ContactListAppiOS/Pods-ContactListAppiOS.release.xcconfig"; sourceTree = "<group>"; };
/* End PBXFileReference section */

/* Begin PBXFrameworksBuildPhase section */
		157643E3297EF478006C5268 /* Frameworks */ = {
			isa = PBXFrameworksBuildPhase;
			buildActionMask = 2147483647;
			files = (
				181744D22D6DE022038CB396 /* Pods_ContactListAppiOS.framework in Frameworks */,
			);
			runOnlyForDeploymentPostprocessing = 0;
		};
/* End PBXFrameworksBuildPhase section */

/* Begin PBXGroup section */
		0C2698251944E649BEAB8DCB /* Frameworks */ = {
			isa = PBXGroup;
			children = (
				28ABB864DC0084A5B886D316 /* Pods_ContactListAppiOS.framework */,
			);
			name = Frameworks;
			sourceTree = "<group>";
		};
		13E0610C808B04A1AA4BEC02 /* Pods */ = {
			isa = PBXGroup;
			children = (
				8DB6A101776DEA5882A525C1 /* Pods-ContactListAppiOS.debug.xcconfig */,
				AE6F7328E4176051D61AC4A0 /* Pods-ContactListAppiOS.release.xcconfig */,
			);
			name = Pods;
			path = Pods;
			sourceTree = "<group>";
		};
		157643DD297EF478006C5268 = {
			isa = PBXGroup;
			children = (
				157643E8297EF478006C5268 /* ContactListAppiOS */,
				157643E7297EF478006C5268 /* Products */,
				13E0610C808B04A1AA4BEC02 /* Pods */,
				0C2698251944E649BEAB8DCB /* Frameworks */,
			);
			sourceTree = "<group>";
		};
		157643E7297EF478006C5268 /* Products */ = {
			isa = PBXGroup;
			children = (
				157643E6297EF478006C5268 /* ContactListAppiOS.app */,
			);
			name = Products;
			sourceTree = "<group>";
		};
		157643E8297EF478006C5268 /* ContactListAppiOS */ = {
			isa = PBXGroup;
			children = (
				157643E9297EF478006C5268 /* AppDelegate.swift */,
				157643EB297EF478006C5268 /* SceneDelegate.swift */,
				157643ED297EF478006C5268 /* ViewController.swift */,
				157643EF297EF478006C5268 /* Main.storyboard */,
				157643F5297EF479006C5268 /* Assets.xcassets */,
				157643F7297EF479006C5268 /* LaunchScreen.storyboard */,
				157643FA297EF479006C5268 /* Info.plist */,
				157643F2297EF478006C5268 /* ContactListAppiOS.xcdatamodeld */,
			);
			path = ContactListAppiOS;
			sourceTree = "<group>";
		};
/* End PBXGroup section */

/* Begin PBXNativeTarget section */
		157643E5297EF478006C5268 /* ContactListAppiOS */ = {
			isa = PBXNativeTarget;
			buildConfigurationList = 157643FD297EF479006C5268 /* Build configuration list for PBXNativeTarget "ContactListAppiOS" */;
			buildPhases = (
				F84B20029CF0EF3639C04EEA /* [CP] Check Pods Manifest.lock */,
				157643E2297EF478006C5268 /* Sources */,
				157643E3297EF478006C5268 /* Frameworks */,
				157643E4297EF478006C5268 /* Resources */,
			);
			buildRules = (
			);
			dependencies = (
			);
			name = ContactListAppiOS;
			productName = ContactListAppiOS;
			productReference = 157643E6297EF478006C5268 /* ContactListAppiOS.app */;
			productType = "com.apple.product-type.application";
		};
/* End PBXNativeTarget section */

/* Begin PBXProject section */
		157643DE297EF478006C5268 /* Project object */ = {
			isa = PBXProject;
			attributes = {
				BuildIndependentTargetsInParallel = 1;
				LastSwiftUpdateCheck = 1420;
				LastUpgradeCheck = 1420;
				TargetAttributes = {
					157643E5297EF478006C5268 = {
						CreatedOnToolsVersion = 14.2;
					};
				};
			};
			buildConfigurationList = 157643E1297EF478006C5268 /* Build configuration list for PBXProject "ContactListAppiOS" */;
			compatibilityVersion = "Xcode 14.0";
			developmentRegion = en;
			hasScannedForEncodings = 0;
			knownRegions = (
				en,
				Base,
			);
			mainGroup = 157643DD297EF478006C5268;
			productRefGroup = 157643E7297EF478006C5268 /* Products */;
			projectDirPath = "";
			projectRoot = "";
			targets = (
				157643E5297EF478006C5268 /* ContactListAppiOS */,
			);
		};
/* End PBXProject section */

/* Begin PBXResourcesBuildPhase section */
		157643E4297EF478006C5268 /* Resources */ = {
			isa = PBXResourcesBuildPhase;
			buildActionMask = 2147483647;
			files = (
				157643F9297EF479006C5268 /* LaunchScreen.storyboard in Resources */,
				157643F6297EF479006C5268 /* Assets.xcassets in Resources */,
				157643F1297EF478006C5268 /* Main.storyboard in Resources */,
			);
			runOnlyForDeploymentPostprocessing = 0;
		};
/* End PBXResourcesBuildPhase section */

/* Begin PBXShellScriptBuildPhase section */
		F84B20029CF0EF3639C04EEA /* [CP] Check Pods Manifest.lock */ = {
			isa = PBXShellScriptBuildPhase;
			buildActionMask = 2147483647;
			files = (
			);
			inputFileListPaths = (
			);
			inputPaths = (
				"${PODS_PODFILE_DIR_PATH}/Podfile.lock",
				"${PODS_ROOT}/Manifest.lock",
			);
			name = "[CP] Check Pods Manifest.lock";
			outputFileListPaths = (
			);
			outputPaths = (
				"$(DERIVED_FILE_DIR)/Pods-ContactListAppiOS-checkManifestLockResult.txt",
			);
			runOnlyForDeploymentPostprocessing = 0;
			shellPath = /bin/sh;
			shellScript = "diff \"${PODS_PODFILE_DIR_PATH}/Podfile.lock\" \"${PODS_ROOT}/Manifest.lock\" > /dev/null\nif [ $? != 0 ] ; then\n    # print error to STDERR\n    echo \"error: The sandbox is not in sync with the Podfile.lock. Run 'pod install' or update your CocoaPods installation.\" >&2\n    exit 1\nfi\n# This output is used by Xcode 'outputs' to avoid re-running this script phase.\necho \"SUCCESS\" > \"${SCRIPT_OUTPUT_FILE_0}\"\n";
			showEnvVarsInLog = 0;
		};
/* End PBXShellScriptBuildPhase section */

/* Begin PBXSourcesBuildPhase section */
		157643E2297EF478006C5268 /* Sources */ = {
			isa = PBXSourcesBuildPhase;
			buildActionMask = 2147483647;
			files = (
				157643EE297EF478006C5268 /* ViewController.swift in Sources */,
				157643EA297EF478006C5268 /* AppDelegate.swift in Sources */,
				157643F4297EF478006C5268 /* ContactListAppiOS.xcdatamodeld in Sources */,
				157643EC297EF478006C5268 /* SceneDelegate.swift in Sources */,
			);
			runOnlyForDeploymentPostprocessing = 0;
		};
/* End PBXSourcesBuildPhase section */

/* Begin PBXVariantGroup section */
		157643EF297EF478006C5268 /* Main.storyboard */ = {
			isa = PBXVariantGroup;
			children = (
				157643F0297EF478006C5268 /* Base */,
			);
			name = Main.storyboard;
			sourceTree = "<group>";
		};
		157643F7297EF479006C5268 /* LaunchScreen.storyboard */ = {
			isa = PBXVariantGroup;
			children = (
				157643F8297EF479006C5268 /* Base */,
			);
			name = LaunchScreen.storyboard;
			sourceTree = "<group>";
		};
/* End PBXVariantGroup section */

/* Begin XCBuildConfiguration section */
		157643FB297EF479006C5268 /* Debug */ = {
			isa = XCBuildConfiguration;
			buildSettings = {
				ALWAYS_SEARCH_USER_PATHS = NO;
				CLANG_ANALYZER_NONNULL = YES;
				CLANG_ANALYZER_NUMBER_OBJECT_CONVERSION = YES_AGGRESSIVE;
				CLANG_CXX_LANGUAGE_STANDARD = "gnu++20";
				CLANG_ENABLE_MODULES = YES;
				CLANG_ENABLE_OBJC_ARC = YES;
				CLANG_ENABLE_OBJC_WEAK = YES;
				CLANG_WARN_BLOCK_CAPTURE_AUTORELEASING = YES;
				CLANG_WARN_BOOL_CONVERSION = YES;
				CLANG_WARN_COMMA = YES;
				CLANG_WARN_CONSTANT_CONVERSION = YES;
				CLANG_WARN_DEPRECATED_OBJC_IMPLEMENTATIONS = YES;
				CLANG_WARN_DIRECT_OBJC_ISA_USAGE = YES_ERROR;
				CLANG_WARN_DOCUMENTATION_COMMENTS = YES;
				CLANG_WARN_EMPTY_BODY = YES;
				CLANG_WARN_ENUM_CONVERSION = YES;
				CLANG_WARN_INFINITE_RECURSION = YES;
				CLANG_WARN_INT_CONVERSION = YES;
				CLANG_WARN_NON_LITERAL_NULL_CONVERSION = YES;
				CLANG_WARN_OBJC_IMPLICIT_RETAIN_SELF = YES;
				CLANG_WARN_OBJC_LITERAL_CONVERSION = YES;
				CLANG_WARN_OBJC_ROOT_CLASS = YES_ERROR;
				CLANG_WARN_QUOTED_INCLUDE_IN_FRAMEWORK_HEADER = YES;
				CLANG_WARN_RANGE_LOOP_ANALYSIS = YES;
				CLANG_WARN_STRICT_PROTOTYPES = YES;
				CLANG_WARN_SUSPICIOUS_MOVE = YES;
				CLANG_WARN_UNGUARDED_AVAILABILITY = YES_AGGRESSIVE;
				CLANG_WARN_UNREACHABLE_CODE = YES;
				CLANG_WARN__DUPLICATE_METHOD_MATCH = YES;
				COPY_PHASE_STRIP = NO;
				DEBUG_INFORMATION_FORMAT = dwarf;
				ENABLE_STRICT_OBJC_MSGSEND = YES;
				ENABLE_TESTABILITY = YES;
				GCC_C_LANGUAGE_STANDARD = gnu11;
				GCC_DYNAMIC_NO_PIC = NO;
				GCC_NO_COMMON_BLOCKS = YES;
				GCC_OPTIMIZATION_LEVEL = 0;
				GCC_PREPROCESSOR_DEFINITIONS = (
					"DEBUG=1",
					"$(inherited)",
				);
				GCC_WARN_64_TO_32_BIT_CONVERSION = YES;
				GCC_WARN_ABOUT_RETURN_TYPE = YES_ERROR;
				GCC_WARN_UNDECLARED_SELECTOR = YES;
				GCC_WARN_UNINITIALIZED_AUTOS = YES_AGGRESSIVE;
				GCC_WARN_UNUSED_FUNCTION = YES;
				GCC_WARN_UNUSED_VARIABLE = YES;
				IPHONEOS_DEPLOYMENT_TARGET = 16.2;
				MTL_ENABLE_DEBUG_INFO = INCLUDE_SOURCE;
				MTL_FAST_MATH = YES;
				ONLY_ACTIVE_ARCH = YES;
				SDKROOT = iphoneos;
				SWIFT_ACTIVE_COMPILATION_CONDITIONS = DEBUG;
				SWIFT_OPTIMIZATION_LEVEL = "-Onone";
			};
			name = Debug;
		};
		157643FC297EF479006C5268 /* Release */ = {
			isa = XCBuildConfiguration;
			buildSettings = {
				ALWAYS_SEARCH_USER_PATHS = NO;
				CLANG_ANALYZER_NONNULL = YES;
				CLANG_ANALYZER_NUMBER_OBJECT_CONVERSION = YES_AGGRESSIVE;
				CLANG_CXX_LANGUAGE_STANDARD = "gnu++20";
				CLANG_ENABLE_MODULES = YES;
				CLANG_ENABLE_OBJC_ARC = YES;
				CLANG_ENABLE_OBJC_WEAK = YES;
				CLANG_WARN_BLOCK_CAPTURE_AUTORELEASING = YES;
				CLANG_WARN_BOOL_CONVERSION = YES;
				CLANG_WARN_COMMA = YES;
				CLANG_WARN_CONSTANT_CONVERSION = YES;
				CLANG_WARN_DEPRECATED_OBJC_IMPLEMENTATIONS = YES;
				CLANG_WARN_DIRECT_OBJC_ISA_USAGE = YES_ERROR;
				CLANG_WARN_DOCUMENTATION_COMMENTS = YES;
				CLANG_WARN_EMPTY_BODY = YES;
				CLANG_WARN_ENUM_CONVERSION = YES;
				CLANG_WARN_INFINITE_RECURSION = YES;
				CLANG_WARN_INT_CONVERSION = YES;
				CLANG_WARN_NON_LITERAL_NULL_CONVERSION = YES;
				CLANG_WARN_OBJC_IMPLICIT_RETAIN_SELF = YES;
				CLANG_WARN_OBJC_LITERAL_CONVERSION = YES;
				CLANG_WARN_OBJC_ROOT_CLASS = YES_ERROR;
				CLANG_WARN_QUOTED_INCLUDE_IN_FRAMEWORK_HEADER = YES;
				CLANG_WARN_RANGE_LOOP_ANALYSIS = YES;
				CLANG_WARN_STRICT_PROTOTYPES = YES;
				CLANG_WARN_SUSPICIOUS_MOVE = YES;
				CLANG_WARN_UNGUARDED_AVAILABILITY = YES_AGGRESSIVE;
				CLANG_WARN_UNREACHABLE_CODE = YES;
				CLANG_WARN__DUPLICATE_METHOD_MATCH = YES;
				COPY_PHASE_STRIP = NO;
				DEBUG_INFORMATION_FORMAT = "dwarf-with-dsym";
				ENABLE_NS_ASSERTIONS = NO;
				ENABLE_STRICT_OBJC_MSGSEND = YES;
				GCC_C_LANGUAGE_STANDARD = gnu11;
				GCC_NO_COMMON_BLOCKS = YES;
				GCC_WARN_64_TO_32_BIT_CONVERSION = YES;
				GCC_WARN_ABOUT_RETURN_TYPE = YES_ERROR;
				GCC_WARN_UNDECLARED_SELECTOR = YES;
				GCC_WARN_UNINITIALIZED_AUTOS = YES_AGGRESSIVE;
				GCC_WARN_UNUSED_FUNCTION = YES;
				GCC_WARN_UNUSED_VARIABLE = YES;
				IPHONEOS_DEPLOYMENT_TARGET = 16.2;
				MTL_ENABLE_DEBUG_INFO = NO;
				MTL_FAST_MATH = YES;
				SDKROOT = iphoneos;
				SWIFT_COMPILATION_MODE = wholemodule;
				SWIFT_OPTIMIZATION_LEVEL = "-O";
				VALIDATE_PRODUCT = YES;
			};
			name = Release;
		};
		157643FE297EF479006C5268 /* Debug */ = {
			isa = XCBuildConfiguration;
			baseConfigurationReference = 8DB6A101776DEA5882A525C1 /* Pods-ContactListAppiOS.debug.xcconfig */;
			buildSettings = {
				ASSETCATALOG_COMPILER_APPICON_NAME = AppIcon;
				ASSETCATALOG_COMPILER_GLOBAL_ACCENT_COLOR_NAME = AccentColor;
				CODE_SIGN_STYLE = Automatic;
				CURRENT_PROJECT_VERSION = 1;
				DEVELOPMENT_TEAM = 3ZJ3P25SL4;
				GENERATE_INFOPLIST_FILE = YES;
				INFOPLIST_FILE = ContactListAppiOS/Info.plist;
				INFOPLIST_KEY_UIApplicationSupportsIndirectInputEvents = YES;
				INFOPLIST_KEY_UILaunchStoryboardName = LaunchScreen;
				INFOPLIST_KEY_UIMainStoryboardFile = Main;
				INFOPLIST_KEY_UISupportedInterfaceOrientations_iPad = "UIInterfaceOrientationPortrait UIInterfaceOrientationPortraitUpsideDown UIInterfaceOrientationLandscapeLeft UIInterfaceOrientationLandscapeRight";
				INFOPLIST_KEY_UISupportedInterfaceOrientations_iPhone = "UIInterfaceOrientationPortrait UIInterfaceOrientationLandscapeLeft UIInterfaceOrientationLandscapeRight";
				LD_RUNPATH_SEARCH_PATHS = (
					"$(inherited)",
					"@executable_path/Frameworks",
				);
				MARKETING_VERSION = 1.0;
				PRODUCT_BUNDLE_IDENTIFIER = com.ContactListAppiOS;
				PRODUCT_NAME = "$(TARGET_NAME)";
				SWIFT_EMIT_LOC_STRINGS = YES;
				SWIFT_VERSION = 5.0;
				TARGETED_DEVICE_FAMILY = "1,2";
			};
			name = Debug;
		};
		157643FF297EF479006C5268 /* Release */ = {
			isa = XCBuildConfiguration;
			baseConfigurationReference = AE6F7328E4176051D61AC4A0 /* Pods-ContactListAppiOS.release.xcconfig */;
			buildSettings = {
				ASSETCATALOG_COMPILER_APPICON_NAME = AppIcon;
				ASSETCATALOG_COMPILER_GLOBAL_ACCENT_COLOR_NAME = AccentColor;
				CODE_SIGN_STYLE = Automatic;
				CURRENT_PROJECT_VERSION = 1;
				DEVELOPMENT_TEAM = 3ZJ3P25SL4;
				GENERATE_INFOPLIST_FILE = YES;
				INFOPLIST_FILE = ContactListAppiOS/Info.plist;
				INFOPLIST_KEY_UIApplicationSupportsIndirectInputEvents = YES;
				INFOPLIST_KEY_UILaunchStoryboardName = LaunchScreen;
				INFOPLIST_KEY_UIMainStoryboardFile = Main;
				INFOPLIST_KEY_UISupportedInterfaceOrientations_iPad = "UIInterfaceOrientationPortrait UIInterfaceOrientationPortraitUpsideDown UIInterfaceOrientationLandscapeLeft UIInterfaceOrientationLandscapeRight";
				INFOPLIST_KEY_UISupportedInterfaceOrientations_iPhone = "UIInterfaceOrientationPortrait UIInterfaceOrientationLandscapeLeft UIInterfaceOrientationLandscapeRight";
				LD_RUNPATH_SEARCH_PATHS = (
					"$(inherited)",
					"@executable_path/Frameworks",
				);
				MARKETING_VERSION = 1.0;
				PRODUCT_BUNDLE_IDENTIFIER = com.ContactListAppiOS;
				PRODUCT_NAME = "$(TARGET_NAME)";
				SWIFT_EMIT_LOC_STRINGS = YES;
				SWIFT_VERSION = 5.0;
				TARGETED_DEVICE_FAMILY = "1,2";
			};
			name = Release;
		};
/* End XCBuildConfiguration section */

/* Begin XCConfigurationList section */
		157643E1297EF478006C5268 /* Build configuration list for PBXProject "ContactListAppiOS" */ = {
			isa = XCConfigurationList;
			buildConfigurations = (
				157643FB297EF479006C5268 /* Debug */,
				157643FC297EF479006C5268 /* Release */,
			);
			defaultConfigurationIsVisible = 0;
			defaultConfigurationName = Release;
		};
		157643FD297EF479006C5268 /* Build configuration list for PBXNativeTarget "ContactListAppiOS" */ = {
			isa = XCConfigurationList;
			buildConfigurations = (
				157643FE297EF479006C5268 /* Debug */,
				157643FF297EF479006C5268 /* Release */,
			);
			defaultConfigurationIsVisible = 0;
			defaultConfigurationName = Release;
		};
/* End XCConfigurationList section */

/* Begin XCVersionGroup section */
		157643F2297EF478006C5268 /* ContactListAppiOS.xcdatamodeld */ = {
			isa = XCVersionGroup;
			children = (
				157643F3297EF478006C5268 /* ContactListAppiOS.xcdatamodel */,
			);
			currentVersion = 157643F3297EF478006C5268 /* ContactListAppiOS.xcdatamodel */;
			path = ContactListAppiOS.xcdatamodeld;
			sourceTree = "<group>";
			versionGroupType = wrapper.xcdatamodel;
		};
/* End XCVersionGroup section */
	};
	rootObject = 157643DE297EF478006C5268 /* Project object */;
}
