// !$*UTF8*$!
{
	archiveVersion = 1;
	classes = {
	};
	objectVersion = 56;
	objects = {

/* Begin PBXBuildFile section */
		157643EA297EF478006C5268 /* AppDelegate.swift in Sources */ = {isa = PBXBuildFile; fileRef = 157643E9297EF478006C5268 /* AppDelegate.swift */; };
		157643EC297EF478006C5268 /* SceneDelegate.swift in Sources */ = {isa = PBXBuildFile; fileRef = 157643EB297EF478006C5268 /* SceneDelegate.swift */; };
		157643F1297EF478006C5268 /* Main.storyboard in Resources */ = {isa = PBXBuildFile; fileRef = 157643EF297EF478006C5268 /* Main.storyboard */; };
		157643F4297EF478006C5268 /* ContactListAppiOS.xcdatamodeld in Sources */ = {isa = PBXBuildFile; fileRef = 157643F2297EF478006C5268 /* ContactListAppiOS.xcdatamodeld */; };
		157643F6297EF479006C5268 /* Assets.xcassets in Resources */ = {isa = PBXBuildFile; fileRef = 157643F5297EF479006C5268 /* Assets.xcassets */; };
		157643F9297EF479006C5268 /* LaunchScreen.storyboard in Resources */ = {isa = PBXBuildFile; fileRef = 157643F7297EF479006C5268 /* LaunchScreen.storyboard */; };
		1576440A297EF8F4006C5268 /* CustomImageView.swift in Sources */ = {isa = PBXBuildFile; fileRef = 15764409297EF8F4006C5268 /* CustomImageView.swift */; };
		1576440D297EFA1C006C5268 /* ContactListVC.swift in Sources */ = {isa = PBXBuildFile; fileRef = 1576440C297EFA1C006C5268 /* ContactListVC.swift */; };
		1576440F297EFB6C006C5268 /* ContactListTableViewCell.swift in Sources */ = {isa = PBXBuildFile; fileRef = 1576440E297EFB6C006C5268 /* ContactListTableViewCell.swift */; };
		15764410297EFF3C006C5268 /* Vidaloka-Regular.ttf in Resources */ = {isa = PBXBuildFile; fileRef = 15764407297EF654006C5268 /* Vidaloka-Regular.ttf */; };
		15938AF129818CAD0004B8A5 /* ContactDetailsVC.swift in Sources */ = {isa = PBXBuildFile; fileRef = 15938AF029818CAD0004B8A5 /* ContactDetailsVC.swift */; };
		15938AF4298194360004B8A5 /* CoreDataManager.swift in Sources */ = {isa = PBXBuildFile; fileRef = 15938AF3298194360004B8A5 /* CoreDataManager.swift */; };
		15938AF72981945A0004B8A5 /* ContactManager.swift in Sources */ = {isa = PBXBuildFile; fileRef = 15938AF62981945A0004B8A5 /* ContactManager.swift */; };
		15938AFA29819D1B0004B8A5 /* CountryCode.swift in Sources */ = {isa = PBXBuildFile; fileRef = 15938AF929819D1B0004B8A5 /* CountryCode.swift */; };
		15938AFD2981AB300004B8A5 /* CountryCodeVC.swift in Sources */ = {isa = PBXBuildFile; fileRef = 15938AFC2981AB300004B8A5 /* CountryCodeVC.swift */; };
		15938AFF2981AD8C0004B8A5 /* CountryCodeTableViewCell.swift in Sources */ = {isa = PBXBuildFile; fileRef = 15938AFE2981AD8C0004B8A5 /* CountryCodeTableViewCell.swift */; };
		15BD372429803F9300D0C08C /* CustomView.swift in Sources */ = {isa = PBXBuildFile; fileRef = 15BD372329803F9300D0C08C /* CustomView.swift */; };
		15BD37262980426E00D0C08C /* CustomButton.swift in Sources */ = {isa = PBXBuildFile; fileRef = 15BD37252980426E00D0C08C /* CustomButton.swift */; };
		15BD37292980430E00D0C08C /* AddEditContactVC.swift in Sources */ = {isa = PBXBuildFile; fileRef = 15BD37282980430E00D0C08C /* AddEditContactVC.swift */; };
		15BD372C29804A9C00D0C08C /* Viewcontroller.swift in Sources */ = {isa = PBXBuildFile; fileRef = 15BD372B29804A9C00D0C08C /* Viewcontroller.swift */; };
		15BD372F29804AFA00D0C08C /* Constant.swift in Sources */ = {isa = PBXBuildFile; fileRef = 15BD372E29804AFA00D0C08C /* Constant.swift */; };
		15BD373329804EDA00D0C08C /* CircleCropViewController.swift in Sources */ = {isa = PBXBuildFile; fileRef = 15BD373229804EDA00D0C08C /* CircleCropViewController.swift */; };
		15BD373529804EFE00D0C08C /* CircleCropScrollView.swift in Sources */ = {isa = PBXBuildFile; fileRef = 15BD373429804EFE00D0C08C /* CircleCropScrollView.swift */; };
		15BD373729804F3200D0C08C /* UIImage+Extension.swift in Sources */ = {isa = PBXBuildFile; fileRef = 15BD373629804F3200D0C08C /* UIImage+Extension.swift */; };
		15BD373929804F4A00D0C08C /* CircleCropCutterView.swift in Sources */ = {isa = PBXBuildFile; fileRef = 15BD373829804F4A00D0C08C /* CircleCropCutterView.swift */; };
		15BD373B298050BC00D0C08C /* CustomTextField.swift in Sources */ = {isa = PBXBuildFile; fileRef = 15BD373A298050BC00D0C08C /* CustomTextField.swift */; };
		181744D22D6DE022038CB396 /* Pods_ContactListAppiOS.framework in Frameworks */ = {isa = PBXBuildFile; fileRef = 28ABB864DC0084A5B886D316 /* Pods_ContactListAppiOS.framework */; };
/* End PBXBuildFile section */

/* Begin PBXFileReference section */
		157643E6297EF478006C5268 /* ContactListAppiOS.app */ = {isa = PBXFileReference; explicitFileType = wrapper.application; includeInIndex = 0; path = ContactListAppiOS.app; sourceTree = BUILT_PRODUCTS_DIR; };
		157643E9297EF478006C5268 /* AppDelegate.swift */ = {isa = PBXFileReference; lastKnownFileType = sourcecode.swift; path = AppDelegate.swift; sourceTree = "<group>"; };
		157643EB297EF478006C5268 /* SceneDelegate.swift */ = {isa = PBXFileReference; lastKnownFileType = sourcecode.swift; path = SceneDelegate.swift; sourceTree = "<group>"; };
		157643F0297EF478006C5268 /* Base */ = {isa = PBXFileReference; lastKnownFileType = file.storyboard; name = Base; path = Base.lproj/Main.storyboard; sourceTree = "<group>"; };
		157643F3297EF478006C5268 /* ContactListAppiOS.xcdatamodel */ = {isa = PBXFileReference; lastKnownFileType = wrapper.xcdatamodel; path = ContactListAppiOS.xcdatamodel; sourceTree = "<group>"; };
		157643F5297EF479006C5268 /* Assets.xcassets */ = {isa = PBXFileReference; lastKnownFileType = folder.assetcatalog; path = Assets.xcassets; sourceTree = "<group>"; };
		157643F8297EF479006C5268 /* Base */ = {isa = PBXFileReference; lastKnownFileType = file.storyboard; name = Base; path = Base.lproj/LaunchScreen.storyboard; sourceTree = "<group>"; };
		157643FA297EF479006C5268 /* Info.plist */ = {isa = PBXFileReference; lastKnownFileType = text.plist.xml; path = Info.plist; sourceTree = "<group>"; };
		15764407297EF654006C5268 /* Vidaloka-Regular.ttf */ = {isa = PBXFileReference; lastKnownFileType = file; path = "Vidaloka-Regular.ttf"; sourceTree = "<group>"; };
		15764409297EF8F4006C5268 /* CustomImageView.swift */ = {isa = PBXFileReference; lastKnownFileType = sourcecode.swift; path = CustomImageView.swift; sourceTree = "<group>"; };
		1576440C297EFA1C006C5268 /* ContactListVC.swift */ = {isa = PBXFileReference; lastKnownFileType = sourcecode.swift; path = "Contact\U0010ListVC.swift"; sourceTree = "<group>"; };
		1576440E297EFB6C006C5268 /* ContactListTableViewCell.swift */ = {isa = PBXFileReference; lastKnownFileType = sourcecode.swift; path = ContactListTableViewCell.swift; sourceTree = "<group>"; };
		15938AF029818CAD0004B8A5 /* ContactDetailsVC.swift */ = {isa = PBXFileReference; lastKnownFileType = sourcecode.swift; path = ContactDetailsVC.swift; sourceTree = "<group>"; };
		15938AF3298194360004B8A5 /* CoreDataManager.swift */ = {isa = PBXFileReference; lastKnownFileType = sourcecode.swift; path = CoreDataManager.swift; sourceTree = "<group>"; };
		15938AF62981945A0004B8A5 /* ContactManager.swift */ = {isa = PBXFileReference; lastKnownFileType = sourcecode.swift; path = ContactManager.swift; sourceTree = "<group>"; };
		15938AF929819D1B0004B8A5 /* CountryCode.swift */ = {isa = PBXFileReference; lastKnownFileType = sourcecode.swift; path = CountryCode.swift; sourceTree = "<group>"; };
		15938AFC2981AB300004B8A5 /* CountryCodeVC.swift */ = {isa = PBXFileReference; lastKnownFileType = sourcecode.swift; path = CountryCodeVC.swift; sourceTree = "<group>"; };
		15938AFE2981AD8C0004B8A5 /* CountryCodeTableViewCell.swift */ = {isa = PBXFileReference; lastKnownFileType = sourcecode.swift; path = CountryCodeTableViewCell.swift; sourceTree = "<group>"; };
		15BD372329803F9300D0C08C /* CustomView.swift */ = {isa = PBXFileReference; lastKnownFileType = sourcecode.swift; path = CustomView.swift; sourceTree = "<group>"; };
		15BD37252980426E00D0C08C /* CustomButton.swift */ = {isa = PBXFileReference; lastKnownFileType = sourcecode.swift; path = CustomButton.swift; sourceTree = "<group>"; };
		15BD37282980430E00D0C08C /* AddEditContactVC.swift */ = {isa = PBXFileReference; lastKnownFileType = sourcecode.swift; path = AddEditContactVC.swift; sourceTree = "<group>"; };
		15BD372B29804A9C00D0C08C /* Viewcontroller.swift */ = {isa = PBXFileReference; lastKnownFileType = sourcecode.swift; path = Viewcontroller.swift; sourceTree = "<group>"; };
		15BD372E29804AFA00D0C08C /* Constant.swift */ = {isa = PBXFileReference; lastKnownFileType = sourcecode.swift; path = Constant.swift; sourceTree = "<group>"; };
		15BD373229804EDA00D0C08C /* CircleCropViewController.swift */ = {isa = PBXFileReference; lastKnownFileType = sourcecode.swift; path = CircleCropViewController.swift; sourceTree = "<group>"; };
		15BD373429804EFE00D0C08C /* CircleCropScrollView.swift */ = {isa = PBXFileReference; lastKnownFileType = sourcecode.swift; path = CircleCropScrollView.swift; sourceTree = "<group>"; };
		15BD373629804F3200D0C08C /* UIImage+Extension.swift */ = {isa = PBXFileReference; lastKnownFileType = sourcecode.swift; path = "UIImage+Extension.swift"; sourceTree = "<group>"; };
		15BD373829804F4A00D0C08C /* CircleCropCutterView.swift */ = {isa = PBXFileReference; lastKnownFileType = sourcecode.swift; path = CircleCropCutterView.swift; sourceTree = "<group>"; };
		15BD373A298050BC00D0C08C /* CustomTextField.swift */ = {isa = PBXFileReference; lastKnownFileType = sourcecode.swift; path = CustomTextField.swift; sourceTree = "<group>"; };
		28ABB864DC0084A5B886D316 /* Pods_ContactListAppiOS.framework */ = {isa = PBXFileReference; explicitFileType = wrapper.framework; includeInIndex = 0; path = Pods_ContactListAppiOS.framework; sourceTree = BUILT_PRODUCTS_DIR; };
		8DB6A101776DEA5882A525C1 /* Pods-ContactListAppiOS.debug.xcconfig */ = {isa = PBXFileReference; includeInIndex = 1; lastKnownFileType = text.xcconfig; name = "Pods-ContactListAppiOS.debug.xcconfig"; path = "Target Support Files/Pods-ContactListAppiOS/Pods-ContactListAppiOS.debug.xcconfig"; sourceTree = "<group>"; };
		AE6F7328E4176051D61AC4A0 /* Pods-ContactListAppiOS.release.xcconfig */ = {isa = PBXFileReference; includeInIndex = 1; lastKnownFileType = text.xcconfig; name = "Pods-ContactListAppiOS.release.xcconfig"; path = "Target Support Files/Pods-ContactListAppiOS/Pods-ContactListAppiOS.release.xcconfig"; sourceTree = "<group>"; };
/* End PBXFileReference section */

/* Begin PBXFrameworksBuildPhase section */
		157643E3297EF478006C5268 /* Frameworks */ = {
			isa = PBXFrameworksBuildPhase;
			buildActionMask = 2147483647;
			files = (
				181744D22D6DE022038CB396 /* Pods_ContactListAppiOS.framework in Frameworks */,
			);
			runOnlyForDeploymentPostprocessing = 0;
		};
/* End PBXFrameworksBuildPhase section */

/* Begin PBXGroup section */
		0C2698251944E649BEAB8DCB /* Frameworks */ = {
			isa = PBXGroup;
			children = (
				28ABB864DC0084A5B886D316 /* Pods_ContactListAppiOS.framework */,
			);
			name = Frameworks;
			sourceTree = "<group>";
		};
		13E0610C808B04A1AA4BEC02 /* Pods */ = {
			isa = PBXGroup;
			children = (
				8DB6A101776DEA5882A525C1 /* Pods-ContactListAppiOS.debug.xcconfig */,
				AE6F7328E4176051D61AC4A0 /* Pods-ContactListAppiOS.release.xcconfig */,
			);
			path = Pods;
			sourceTree = "<group>";
		};
		157643DD297EF478006C5268 = {
			isa = PBXGroup;
			children = (
				157643E8297EF478006C5268 /* ContactListAppiOS */,
				157643E7297EF478006C5268 /* Products */,
				13E0610C808B04A1AA4BEC02 /* Pods */,
				0C2698251944E649BEAB8DCB /* Frameworks */,
			);
			sourceTree = "<group>";
		};
		157643E7297EF478006C5268 /* Products */ = {
			isa = PBXGroup;
			children = (
				157643E6297EF478006C5268 /* ContactListAppiOS.app */,
			);
			name = Products;
			sourceTree = "<group>";
		};
		157643E8297EF478006C5268 /* ContactListAppiOS */ = {
			isa = PBXGroup;
			children = (
				15764400297EF4F1006C5268 /* AppDelegates */,
				15764403297EF5F9006C5268 /* iOSApp */,
				157643F5297EF479006C5268 /* Assets.xcassets */,
				157643F7297EF479006C5268 /* LaunchScreen.storyboard */,
				157643FA297EF479006C5268 /* Info.plist */,
				157643F2297EF478006C5268 /* ContactListAppiOS.xcdatamodeld */,
			);
			path = ContactListAppiOS;
			sourceTree = "<group>";
		};
		15764400297EF4F1006C5268 /* AppDelegates */ = {
			isa = PBXGroup;
			children = (
				157643E9297EF478006C5268 /* AppDelegate.swift */,
				157643EB297EF478006C5268 /* SceneDelegate.swift */,
			);
			path = AppDelegates;
			sourceTree = "<group>";
		};
		15764401297EF4FE006C5268 /* ClassesAndModels */ = {
			isa = PBXGroup;
			children = (
				15938AF5298194560004B8A5 /* ContactManager */,
				15938AF22981942E0004B8A5 /* CoreDataManager */,
				15BD373029804EB900D0C08C /* Libraries */,
				15BD372D29804AF200D0C08C /* Constant */,
				15BD372A29804A6D00D0C08C /* Extensions */,
				15764408297EF8E2006C5268 /* CustomClass */,
			);
			path = ClassesAndModels;
			sourceTree = "<group>";
		};
		15764402297EF50A006C5268 /* ViewControllers */ = {
			isa = PBXGroup;
			children = (
				1576440B297EFA08006C5268 /* ContactList */,
				15BD3727298042F700D0C08C /* AddContact */,
				15938AEF29818C960004B8A5 /* ContactDetails */,
				15938AFB2981AB1F0004B8A5 /* CountryCode */,
			);
			path = ViewControllers;
			sourceTree = "<group>";
		};
		15764403297EF5F9006C5268 /* iOSApp */ = {
			isa = PBXGroup;
			children = (
				157643EF297EF478006C5268 /* Main.storyboard */,
				15764404297EF60F006C5268 /* Resources */,
				15764401297EF4FE006C5268 /* ClassesAndModels */,
				15764402297EF50A006C5268 /* ViewControllers */,
			);
			path = iOSApp;
			sourceTree = "<group>";
		};
		15764404297EF60F006C5268 /* Resources */ = {
			isa = PBXGroup;
			children = (
				15764405297EF61B006C5268 /* Font */,
			);
			path = Resources;
			sourceTree = "<group>";
		};
		15764405297EF61B006C5268 /* Font */ = {
			isa = PBXGroup;
			children = (
				15764406297EF62E006C5268 /* Vidaloka */,
			);
			path = Font;
			sourceTree = "<group>";
		};
		15764406297EF62E006C5268 /* Vidaloka */ = {
			isa = PBXGroup;
			children = (
				15764407297EF654006C5268 /* Vidaloka-Regular.ttf */,
			);
			path = Vidaloka;
			sourceTree = "<group>";
		};
		15764408297EF8E2006C5268 /* CustomClass */ = {
			isa = PBXGroup;
			children = (
				15764409297EF8F4006C5268 /* CustomImageView.swift */,
				15BD372329803F9300D0C08C /* CustomView.swift */,
				15BD37252980426E00D0C08C /* CustomButton.swift */,
				15BD373A298050BC00D0C08C /* CustomTextField.swift */,
			);
			path = CustomClass;
			sourceTree = "<group>";
		};
		1576440B297EFA08006C5268 /* ContactList */ = {
			isa = PBXGroup;
			children = (
				1576440C297EFA1C006C5268 /* ContactListVC.swift */,
				1576440E297EFB6C006C5268 /* ContactListTableViewCell.swift */,
			);
			path = ContactList;
			sourceTree = "<group>";
		};
		15938AEF29818C960004B8A5 /* ContactDetails */ = {
			isa = PBXGroup;
			children = (
				15938AF029818CAD0004B8A5 /* ContactDetailsVC.swift */,
			);
			path = ContactDetails;
			sourceTree = "<group>";
		};
		15938AF22981942E0004B8A5 /* CoreDataManager */ = {
			isa = PBXGroup;
			children = (
				15938AF3298194360004B8A5 /* CoreDataManager.swift */,
			);
			path = CoreDataManager;
			sourceTree = "<group>";
		};
		15938AF5298194560004B8A5 /* ContactManager */ = {
			isa = PBXGroup;
			children = (
				15938AF62981945A0004B8A5 /* ContactManager.swift */,
				15938AF929819D1B0004B8A5 /* CountryCode.swift */,
			);
			path = ContactManager;
			sourceTree = "<group>";
		};
		15938AFB2981AB1F0004B8A5 /* CountryCode */ = {
			isa = PBXGroup;
			children = (
				15938AFC2981AB300004B8A5 /* CountryCodeVC.swift */,
				15938AFE2981AD8C0004B8A5 /* CountryCodeTableViewCell.swift */,
			);
			path = CountryCode;
			sourceTree = "<group>";
		};
		15BD3727298042F700D0C08C /* AddContact */ = {
			isa = PBXGroup;
			children = (
				15BD37282980430E00D0C08C /* AddEditContactVC.swift */,
			);
			path = AddContact;
			sourceTree = "<group>";
		};
		15BD372A29804A6D00D0C08C /* Extensions */ = {
			isa = PBXGroup;
			children = (
				15BD372B29804A9C00D0C08C /* Viewcontroller.swift */,
			);
			path = Extensions;
			sourceTree = "<group>";
		};
		15BD372D29804AF200D0C08C /* Constant */ = {
			isa = PBXGroup;
			children = (
				15BD372E29804AFA00D0C08C /* Constant.swift */,
			);
			path = Constant;
			sourceTree = "<group>";
		};
		15BD373029804EB900D0C08C /* Libraries */ = {
			isa = PBXGroup;
			children = (
				15BD373129804ECC00D0C08C /* CircleCropImage */,
			);
			path = Libraries;
			sourceTree = "<group>";
		};
		15BD373129804ECC00D0C08C /* CircleCropImage */ = {
			isa = PBXGroup;
			children = (
				15BD373229804EDA00D0C08C /* CircleCropViewController.swift */,
				15BD373429804EFE00D0C08C /* CircleCropScrollView.swift */,
				15BD373629804F3200D0C08C /* UIImage+Extension.swift */,
				15BD373829804F4A00D0C08C /* CircleCropCutterView.swift */,
			);
			path = CircleCropImage;
			sourceTree = "<group>";
		};
/* End PBXGroup section */

/* Begin PBXNativeTarget section */
		157643E5297EF478006C5268 /* ContactListAppiOS */ = {
			isa = PBXNativeTarget;
			buildConfigurationList = 157643FD297EF479006C5268 /* Build configuration list for PBXNativeTarget "ContactListAppiOS" */;
			buildPhases = (
				F84B20029CF0EF3639C04EEA /* [CP] Check Pods Manifest.lock */,
				157643E2297EF478006C5268 /* Sources */,
				157643E3297EF478006C5268 /* Frameworks */,
				157643E4297EF478006C5268 /* Resources */,
			);
			buildRules = (
			);
			dependencies = (
			);
			name = ContactListAppiOS;
			productName = ContactListAppiOS;
			productReference = 157643E6297EF478006C5268 /* ContactListAppiOS.app */;
			productType = "com.apple.product-type.application";
		};
/* End PBXNativeTarget section */

/* Begin PBXProject section */
		157643DE297EF478006C5268 /* Project object */ = {
			isa = PBXProject;
			attributes = {
				BuildIndependentTargetsInParallel = 1;
				LastSwiftUpdateCheck = 1420;
				LastUpgradeCheck = 1420;
				TargetAttributes = {
					157643E5297EF478006C5268 = {
						CreatedOnToolsVersion = 14.2;
					};
				};
			};
			buildConfigurationList = 157643E1297EF478006C5268 /* Build configuration list for PBXProject "ContactListAppiOS" */;
			compatibilityVersion = "Xcode 14.0";
			developmentRegion = en;
			hasScannedForEncodings = 0;
			knownRegions = (
				en,
				Base,
			);
			mainGroup = 157643DD297EF478006C5268;
			productRefGroup = 157643E7297EF478006C5268 /* Products */;
			projectDirPath = "";
			projectRoot = "";
			targets = (
				157643E5297EF478006C5268 /* ContactListAppiOS */,
			);
		};
/* End PBXProject section */

/* Begin PBXResourcesBuildPhase section */
		157643E4297EF478006C5268 /* Resources */ = {
			isa = PBXResourcesBuildPhase;
			buildActionMask = 2147483647;
			files = (
				157643F9297EF479006C5268 /* LaunchScreen.storyboard in Resources */,
				157643F6297EF479006C5268 /* Assets.xcassets in Resources */,
				15764410297EFF3C006C5268 /* Vidaloka-Regular.ttf in Resources */,
				157643F1297EF478006C5268 /* Main.storyboard in Resources */,
			);
			runOnlyForDeploymentPostprocessing = 0;
		};
/* End PBXResourcesBuildPhase section */

/* Begin PBXShellScriptBuildPhase section */
		F84B20029CF0EF3639C04EEA /* [CP] Check Pods Manifest.lock */ = {
			isa = PBXShellScriptBuildPhase;
			buildActionMask = 2147483647;
			files = (
			);
			inputFileListPaths = (
			);
			inputPaths = (
				"${PODS_PODFILE_DIR_PATH}/Podfile.lock",
				"${PODS_ROOT}/Manifest.lock",
			);
			name = "[CP] Check Pods Manifest.lock";
			outputFileListPaths = (
			);
			outputPaths = (
				"$(DERIVED_FILE_DIR)/Pods-ContactListAppiOS-checkManifestLockResult.txt",
			);
			runOnlyForDeploymentPostprocessing = 0;
			shellPath = /bin/sh;
			shellScript = "diff \"${PODS_PODFILE_DIR_PATH}/Podfile.lock\" \"${PODS_ROOT}/Manifest.lock\" > /dev/null\nif [ $? != 0 ] ; then\n    # print error to STDERR\n    echo \"error: The sandbox is not in sync with the Podfile.lock. Run 'pod install' or update your CocoaPods installation.\" >&2\n    exit 1\nfi\n# This output is used by Xcode 'outputs' to avoid re-running this script phase.\necho \"SUCCESS\" > \"${SCRIPT_OUTPUT_FILE_0}\"\n";
			showEnvVarsInLog = 0;
		};
/* End PBXShellScriptBuildPhase section */

/* Begin PBXSourcesBuildPhase section */
		157643E2297EF478006C5268 /* Sources */ = {
			isa = PBXSourcesBuildPhase;
			buildActionMask = 2147483647;
			files = (
				15938AFD2981AB300004B8A5 /* CountryCodeVC.swift in Sources */,
				15BD372429803F9300D0C08C /* CustomView.swift in Sources */,
				15BD373729804F3200D0C08C /* UIImage+Extension.swift in Sources */,
				15BD37262980426E00D0C08C /* CustomButton.swift in Sources */,
				15938AFA29819D1B0004B8A5 /* CountryCode.swift in Sources */,
				15BD373329804EDA00D0C08C /* CircleCropViewController.swift in Sources */,
				15938AF129818CAD0004B8A5 /* ContactDetailsVC.swift in Sources */,
				15BD373B298050BC00D0C08C /* CustomTextField.swift in Sources */,
				15938AF4298194360004B8A5 /* CoreDataManager.swift in Sources */,
				15BD372C29804A9C00D0C08C /* Viewcontroller.swift in Sources */,
				15938AF72981945A0004B8A5 /* ContactManager.swift in Sources */,
				157643EA297EF478006C5268 /* AppDelegate.swift in Sources */,
				157643F4297EF478006C5268 /* ContactListAppiOS.xcdatamodeld in Sources */,
				157643EC297EF478006C5268 /* SceneDelegate.swift in Sources */,
				15BD373529804EFE00D0C08C /* CircleCropScrollView.swift in Sources */,
				1576440D297EFA1C006C5268 /* ContactListVC.swift in Sources */,
				1576440A297EF8F4006C5268 /* CustomImageView.swift in Sources */,
				15938AFF2981AD8C0004B8A5 /* CountryCodeTableViewCell.swift in Sources */,
				15BD372F29804AFA00D0C08C /* Constant.swift in Sources */,
				1576440F297EFB6C006C5268 /* ContactListTableViewCell.swift in Sources */,
				15BD37292980430E00D0C08C /* AddEditContactVC.swift in Sources */,
				15BD373929804F4A00D0C08C /* CircleCropCutterView.swift in Sources */,
			);
			runOnlyForDeploymentPostprocessing = 0;
		};
/* End PBXSourcesBuildPhase section */

/* Begin PBXVariantGroup section */
		157643EF297EF478006C5268 /* Main.storyboard */ = {
			isa = PBXVariantGroup;
			children = (
				157643F0297EF478006C5268 /* Base */,
			);
			name = Main.storyboard;
			sourceTree = "<group>";
		};
		157643F7297EF479006C5268 /* LaunchScreen.storyboard */ = {
			isa = PBXVariantGroup;
			children = (
				157643F8297EF479006C5268 /* Base */,
			);
			name = LaunchScreen.storyboard;
			sourceTree = "<group>";
		};
/* End PBXVariantGroup section */

/* Begin XCBuildConfiguration section */
		157643FB297EF479006C5268 /* Debug */ = {
			isa = XCBuildConfiguration;
			buildSettings = {
				ALWAYS_SEARCH_USER_PATHS = NO;
				CLANG_ANALYZER_NONNULL = YES;
				CLANG_ANALYZER_NUMBER_OBJECT_CONVERSION = YES_AGGRESSIVE;
				CLANG_CXX_LANGUAGE_STANDARD = "gnu++20";
				CLANG_ENABLE_MODULES = YES;
				CLANG_ENABLE_OBJC_ARC = YES;
				CLANG_ENABLE_OBJC_WEAK = YES;
				CLANG_WARN_BLOCK_CAPTURE_AUTORELEASING = YES;
				CLANG_WARN_BOOL_CONVERSION = YES;
				CLANG_WARN_COMMA = YES;
				CLANG_WARN_CONSTANT_CONVERSION = YES;
				CLANG_WARN_DEPRECATED_OBJC_IMPLEMENTATIONS = YES;
				CLANG_WARN_DIRECT_OBJC_ISA_USAGE = YES_ERROR;
				CLANG_WARN_DOCUMENTATION_COMMENTS = YES;
				CLANG_WARN_EMPTY_BODY = YES;
				CLANG_WARN_ENUM_CONVERSION = YES;
				CLANG_WARN_INFINITE_RECURSION = YES;
				CLANG_WARN_INT_CONVERSION = YES;
				CLANG_WARN_NON_LITERAL_NULL_CONVERSION = YES;
				CLANG_WARN_OBJC_IMPLICIT_RETAIN_SELF = YES;
				CLANG_WARN_OBJC_LITERAL_CONVERSION = YES;
				CLANG_WARN_OBJC_ROOT_CLASS = YES_ERROR;
				CLANG_WARN_QUOTED_INCLUDE_IN_FRAMEWORK_HEADER = YES;
				CLANG_WARN_RANGE_LOOP_ANALYSIS = YES;
				CLANG_WARN_STRICT_PROTOTYPES = YES;
				CLANG_WARN_SUSPICIOUS_MOVE = YES;
				CLANG_WARN_UNGUARDED_AVAILABILITY = YES_AGGRESSIVE;
				CLANG_WARN_UNREACHABLE_CODE = YES;
				CLANG_WARN__DUPLICATE_METHOD_MATCH = YES;
				COPY_PHASE_STRIP = NO;
				DEBUG_INFORMATION_FORMAT = dwarf;
				ENABLE_STRICT_OBJC_MSGSEND = YES;
				ENABLE_TESTABILITY = YES;
				GCC_C_LANGUAGE_STANDARD = gnu11;
				GCC_DYNAMIC_NO_PIC = NO;
				GCC_NO_COMMON_BLOCKS = YES;
				GCC_OPTIMIZATION_LEVEL = 0;
				GCC_PREPROCESSOR_DEFINITIONS = (
					"DEBUG=1",
					"$(inherited)",
				);
				GCC_WARN_64_TO_32_BIT_CONVERSION = YES;
				GCC_WARN_ABOUT_RETURN_TYPE = YES_ERROR;
				GCC_WARN_UNDECLARED_SELECTOR = YES;
				GCC_WARN_UNINITIALIZED_AUTOS = YES_AGGRESSIVE;
				GCC_WARN_UNUSED_FUNCTION = YES;
				GCC_WARN_UNUSED_VARIABLE = YES;
				IPHONEOS_DEPLOYMENT_TARGET = 13.0;
				MTL_ENABLE_DEBUG_INFO = INCLUDE_SOURCE;
				MTL_FAST_MATH = YES;
				ONLY_ACTIVE_ARCH = YES;
				SDKROOT = iphoneos;
				SWIFT_ACTIVE_COMPILATION_CONDITIONS = DEBUG;
				SWIFT_OPTIMIZATION_LEVEL = "-Onone";
			};
			name = Debug;
		};
		157643FC297EF479006C5268 /* Release */ = {
			isa = XCBuildConfiguration;
			buildSettings = {
				ALWAYS_SEARCH_USER_PATHS = NO;
				CLANG_ANALYZER_NONNULL = YES;
				CLANG_ANALYZER_NUMBER_OBJECT_CONVERSION = YES_AGGRESSIVE;
				CLANG_CXX_LANGUAGE_STANDARD = "gnu++20";
				CLANG_ENABLE_MODULES = YES;
				CLANG_ENABLE_OBJC_ARC = YES;
				CLANG_ENABLE_OBJC_WEAK = YES;
				CLANG_WARN_BLOCK_CAPTURE_AUTORELEASING = YES;
				CLANG_WARN_BOOL_CONVERSION = YES;
				CLANG_WARN_COMMA = YES;
				CLANG_WARN_CONSTANT_CONVERSION = YES;
				CLANG_WARN_DEPRECATED_OBJC_IMPLEMENTATIONS = YES;
				CLANG_WARN_DIRECT_OBJC_ISA_USAGE = YES_ERROR;
				CLANG_WARN_DOCUMENTATION_COMMENTS = YES;
				CLANG_WARN_EMPTY_BODY = YES;
				CLANG_WARN_ENUM_CONVERSION = YES;
				CLANG_WARN_INFINITE_RECURSION = YES;
				CLANG_WARN_INT_CONVERSION = YES;
				CLANG_WARN_NON_LITERAL_NULL_CONVERSION = YES;
				CLANG_WARN_OBJC_IMPLICIT_RETAIN_SELF = YES;
				CLANG_WARN_OBJC_LITERAL_CONVERSION = YES;
				CLANG_WARN_OBJC_ROOT_CLASS = YES_ERROR;
				CLANG_WARN_QUOTED_INCLUDE_IN_FRAMEWORK_HEADER = YES;
				CLANG_WARN_RANGE_LOOP_ANALYSIS = YES;
				CLANG_WARN_STRICT_PROTOTYPES = YES;
				CLANG_WARN_SUSPICIOUS_MOVE = YES;
				CLANG_WARN_UNGUARDED_AVAILABILITY = YES_AGGRESSIVE;
				CLANG_WARN_UNREACHABLE_CODE = YES;
				CLANG_WARN__DUPLICATE_METHOD_MATCH = YES;
				COPY_PHASE_STRIP = NO;
				DEBUG_INFORMATION_FORMAT = "dwarf-with-dsym";
				ENABLE_NS_ASSERTIONS = NO;
				ENABLE_STRICT_OBJC_MSGSEND = YES;
				GCC_C_LANGUAGE_STANDARD = gnu11;
				GCC_NO_COMMON_BLOCKS = YES;
				GCC_WARN_64_TO_32_BIT_CONVERSION = YES;
				GCC_WARN_ABOUT_RETURN_TYPE = YES_ERROR;
				GCC_WARN_UNDECLARED_SELECTOR = YES;
				GCC_WARN_UNINITIALIZED_AUTOS = YES_AGGRESSIVE;
				GCC_WARN_UNUSED_FUNCTION = YES;
				GCC_WARN_UNUSED_VARIABLE = YES;
				IPHONEOS_DEPLOYMENT_TARGET = 13.0;
				MTL_ENABLE_DEBUG_INFO = NO;
				MTL_FAST_MATH = YES;
				SDKROOT = iphoneos;
				SWIFT_COMPILATION_MODE = wholemodule;
				SWIFT_OPTIMIZATION_LEVEL = "-O";
				VALIDATE_PRODUCT = YES;
			};
			name = Release;
		};
		157643FE297EF479006C5268 /* Debug */ = {
			isa = XCBuildConfiguration;
			baseConfigurationReference = 8DB6A101776DEA5882A525C1 /* Pods-ContactListAppiOS.debug.xcconfig */;
			buildSettings = {
				ASSETCATALOG_COMPILER_APPICON_NAME = AppIcon;
				ASSETCATALOG_COMPILER_GLOBAL_ACCENT_COLOR_NAME = AccentColor;
				CODE_SIGN_STYLE = Automatic;
				CURRENT_PROJECT_VERSION = 1;
				DEVELOPMENT_TEAM = 3ZJ3P25SL4;
				GENERATE_INFOPLIST_FILE = YES;
				INFOPLIST_FILE = ContactListAppiOS/Info.plist;
				INFOPLIST_KEY_UIApplicationSupportsIndirectInputEvents = YES;
				INFOPLIST_KEY_UILaunchStoryboardName = LaunchScreen;
				INFOPLIST_KEY_UIMainStoryboardFile = Main;
				INFOPLIST_KEY_UISupportedInterfaceOrientations = UIInterfaceOrientationPortrait;
				INFOPLIST_KEY_UISupportedInterfaceOrientations_iPad = "UIInterfaceOrientationLandscapeLeft UIInterfaceOrientationLandscapeRight UIInterfaceOrientationPortrait UIInterfaceOrientationPortraitUpsideDown";
				INFOPLIST_KEY_UIUserInterfaceStyle = Light;
				LD_RUNPATH_SEARCH_PATHS = (
					"$(inherited)",
					"@executable_path/Frameworks",
				);
				MARKETING_VERSION = 1.0;
				PRODUCT_BUNDLE_IDENTIFIER = com.ContactListAppiOS;
				PRODUCT_NAME = "$(TARGET_NAME)";
				SUPPORTED_PLATFORMS = "iphoneos iphonesimulator";
				SUPPORTS_MACCATALYST = NO;
				SUPPORTS_MAC_DESIGNED_FOR_IPHONE_IPAD = NO;
				SWIFT_EMIT_LOC_STRINGS = YES;
				SWIFT_VERSION = 5.0;
				TARGETED_DEVICE_FAMILY = 1;
			};
			name = Debug;
		};
		157643FF297EF479006C5268 /* Release */ = {
			isa = XCBuildConfiguration;
			baseConfigurationReference = AE6F7328E4176051D61AC4A0 /* Pods-ContactListAppiOS.release.xcconfig */;
			buildSettings = {
				ASSETCATALOG_COMPILER_APPICON_NAME = AppIcon;
				ASSETCATALOG_COMPILER_GLOBAL_ACCENT_COLOR_NAME = AccentColor;
				CODE_SIGN_STYLE = Automatic;
				CURRENT_PROJECT_VERSION = 1;
				DEVELOPMENT_TEAM = 3ZJ3P25SL4;
				GENERATE_INFOPLIST_FILE = YES;
				INFOPLIST_FILE = ContactListAppiOS/Info.plist;
				INFOPLIST_KEY_UIApplicationSupportsIndirectInputEvents = YES;
				INFOPLIST_KEY_UILaunchStoryboardName = LaunchScreen;
				INFOPLIST_KEY_UIMainStoryboardFile = Main;
				INFOPLIST_KEY_UISupportedInterfaceOrientations = UIInterfaceOrientationPortrait;
				INFOPLIST_KEY_UISupportedInterfaceOrientations_iPad = "UIInterfaceOrientationLandscapeLeft UIInterfaceOrientationLandscapeRight UIInterfaceOrientationPortrait UIInterfaceOrientationPortraitUpsideDown";
				INFOPLIST_KEY_UIUserInterfaceStyle = Light;
				LD_RUNPATH_SEARCH_PATHS = (
					"$(inherited)",
					"@executable_path/Frameworks",
				);
				MARKETING_VERSION = 1.0;
				PRODUCT_BUNDLE_IDENTIFIER = com.ContactListAppiOS;
				PRODUCT_NAME = "$(TARGET_NAME)";
				SUPPORTED_PLATFORMS = "iphoneos iphonesimulator";
				SUPPORTS_MACCATALYST = NO;
				SUPPORTS_MAC_DESIGNED_FOR_IPHONE_IPAD = NO;
				SWIFT_EMIT_LOC_STRINGS = YES;
				SWIFT_VERSION = 5.0;
				TARGETED_DEVICE_FAMILY = 1;
			};
			name = Release;
		};
/* End XCBuildConfiguration section */

/* Begin XCConfigurationList section */
		157643E1297EF478006C5268 /* Build configuration list for PBXProject "ContactListAppiOS" */ = {
			isa = XCConfigurationList;
			buildConfigurations = (
				157643FB297EF479006C5268 /* Debug */,
				157643FC297EF479006C5268 /* Release */,
			);
			defaultConfigurationIsVisible = 0;
			defaultConfigurationName = Release;
		};
		157643FD297EF479006C5268 /* Build configuration list for PBXNativeTarget "ContactListAppiOS" */ = {
			isa = XCConfigurationList;
			buildConfigurations = (
				157643FE297EF479006C5268 /* Debug */,
				157643FF297EF479006C5268 /* Release */,
			);
			defaultConfigurationIsVisible = 0;
			defaultConfigurationName = Release;
		};
/* End XCConfigurationList section */

/* Begin XCVersionGroup section */
		157643F2297EF478006C5268 /* ContactListAppiOS.xcdatamodeld */ = {
			isa = XCVersionGroup;
			children = (
				157643F3297EF478006C5268 /* ContactListAppiOS.xcdatamodel */,
			);
			currentVersion = 157643F3297EF478006C5268 /* ContactListAppiOS.xcdatamodel */;
			path = ContactListAppiOS.xcdatamodeld;
			sourceTree = "<group>";
			versionGroupType = wrapper.xcdatamodel;
		};
/* End XCVersionGroup section */
	};
	rootObject = 157643DE297EF478006C5268 /* Project object */;
}
